// !$*UTF8*$!
{
	archiveVersion = 1;
	classes = {
	};
	objectVersion = 56;
	objects = {

/* Begin PBXBuildFile section */
		A231CEDF2A78366C00758715 /* ListViewModel.swift in Sources */ = {isa = PBXBuildFile; fileRef = A231CEDE2A78366C00758715 /* ListViewModel.swift */; };
		A2EF1DA52A743F4F00B059CD /* PraOntemApp.swift in Sources */ = {isa = PBXBuildFile; fileRef = A2EF1DA42A743F4F00B059CD /* PraOntemApp.swift */; };
		A2EF1DA92A743F5000B059CD /* Assets.xcassets in Resources */ = {isa = PBXBuildFile; fileRef = A2EF1DA82A743F5000B059CD /* Assets.xcassets */; };
		A2EF1DAC2A743F5000B059CD /* Preview Assets.xcassets in Resources */ = {isa = PBXBuildFile; fileRef = A2EF1DAB2A743F5000B059CD /* Preview Assets.xcassets */; };
		A2EF1DB42A74400B00B059CD /* ListView.swift in Sources */ = {isa = PBXBuildFile; fileRef = A2EF1DB32A74400B00B059CD /* ListView.swift */; };
		A2EF1DB62A7442A900B059CD /* ListRowView.swift in Sources */ = {isa = PBXBuildFile; fileRef = A2EF1DB52A7442A900B059CD /* ListRowView.swift */; };
		A2EF1DB82A7445F600B059CD /* AddView.swift in Sources */ = {isa = PBXBuildFile; fileRef = A2EF1DB72A7445F600B059CD /* AddView.swift */; };
		A2EF1DBB2A744C1200B059CD /* ItemModel.swift in Sources */ = {isa = PBXBuildFile; fileRef = A2EF1DBA2A744C1200B059CD /* ItemModel.swift */; };
/* End PBXBuildFile section */

/* Begin PBXFileReference section */
		A231CEDE2A78366C00758715 /* ListViewModel.swift */ = {isa = PBXFileReference; lastKnownFileType = sourcecode.swift; path = ListViewModel.swift; sourceTree = "<group>"; };
		A2EF1DA12A743F4F00B059CD /* PraOntem.app */ = {isa = PBXFileReference; explicitFileType = wrapper.application; includeInIndex = 0; path = PraOntem.app; sourceTree = BUILT_PRODUCTS_DIR; };
		A2EF1DA42A743F4F00B059CD /* PraOntemApp.swift */ = {isa = PBXFileReference; lastKnownFileType = sourcecode.swift; path = PraOntemApp.swift; sourceTree = "<group>"; };
		A2EF1DA82A743F5000B059CD /* Assets.xcassets */ = {isa = PBXFileReference; lastKnownFileType = folder.assetcatalog; path = Assets.xcassets; sourceTree = "<group>"; };
		A2EF1DAB2A743F5000B059CD /* Preview Assets.xcassets */ = {isa = PBXFileReference; lastKnownFileType = folder.assetcatalog; path = "Preview Assets.xcassets"; sourceTree = "<group>"; };
		A2EF1DB32A74400B00B059CD /* ListView.swift */ = {isa = PBXFileReference; lastKnownFileType = sourcecode.swift; path = ListView.swift; sourceTree = "<group>"; };
		A2EF1DB52A7442A900B059CD /* ListRowView.swift */ = {isa = PBXFileReference; lastKnownFileType = sourcecode.swift; path = ListRowView.swift; sourceTree = "<group>"; };
		A2EF1DB72A7445F600B059CD /* AddView.swift */ = {isa = PBXFileReference; lastKnownFileType = sourcecode.swift; path = AddView.swift; sourceTree = "<group>"; };
		A2EF1DBA2A744C1200B059CD /* ItemModel.swift */ = {isa = PBXFileReference; lastKnownFileType = sourcecode.swift; path = ItemModel.swift; sourceTree = "<group>"; };
/* End PBXFileReference section */

/* Begin PBXFrameworksBuildPhase section */
		A2EF1D9E2A743F4F00B059CD /* Frameworks */ = {
			isa = PBXFrameworksBuildPhase;
			buildActionMask = 2147483647;
			files = (
			);
			runOnlyForDeploymentPostprocessing = 0;
		};
/* End PBXFrameworksBuildPhase section */

/* Begin PBXGroup section */
		A231CEDD2A78363B00758715 /* ViewModels */ = {
			isa = PBXGroup;
			children = (
				A231CEDE2A78366C00758715 /* ListViewModel.swift */,
			);
			path = ViewModels;
			sourceTree = "<group>";
		};
		A2EF1D982A743F4F00B059CD = {
			isa = PBXGroup;
			children = (
				A2EF1DA32A743F4F00B059CD /* PraOntem */,
				A2EF1DA22A743F4F00B059CD /* Products */,
			);
			sourceTree = "<group>";
		};
		A2EF1DA22A743F4F00B059CD /* Products */ = {
			isa = PBXGroup;
			children = (
				A2EF1DA12A743F4F00B059CD /* PraOntem.app */,
			);
			name = Products;
			sourceTree = "<group>";
		};
		A2EF1DA32A743F4F00B059CD /* PraOntem */ = {
			isa = PBXGroup;
			children = (
				A2EF1DA42A743F4F00B059CD /* PraOntemApp.swift */,
				A2EF1DB92A744BF500B059CD /* Models */,
				A231CEDD2A78363B00758715 /* ViewModels */,
				A2EF1DB22A743FE400B059CD /* Views */,
				A2EF1DA82A743F5000B059CD /* Assets.xcassets */,
				A2EF1DAA2A743F5000B059CD /* Preview Content */,
			);
			path = PraOntem;
			sourceTree = "<group>";
		};
		A2EF1DAA2A743F5000B059CD /* Preview Content */ = {
			isa = PBXGroup;
			children = (
				A2EF1DAB2A743F5000B059CD /* Preview Assets.xcassets */,
			);
			path = "Preview Content";
			sourceTree = "<group>";
		};
		A2EF1DB22A743FE400B059CD /* Views */ = {
			isa = PBXGroup;
			children = (
				A2EF1DB32A74400B00B059CD /* ListView.swift */,
				A2EF1DB52A7442A900B059CD /* ListRowView.swift */,
				A2EF1DB72A7445F600B059CD /* AddView.swift */,
			);
			path = Views;
			sourceTree = "<group>";
		};
		A2EF1DB92A744BF500B059CD /* Models */ = {
			isa = PBXGroup;
			children = (
				A2EF1DBA2A744C1200B059CD /* ItemModel.swift */,
			);
			path = Models;
			sourceTree = "<group>";
		};
/* End PBXGroup section */

/* Begin PBXNativeTarget section */
		A2EF1DA02A743F4F00B059CD /* PraOntem */ = {
			isa = PBXNativeTarget;
			buildConfigurationList = A2EF1DAF2A743F5000B059CD /* Build configuration list for PBXNativeTarget "PraOntem" */;
			buildPhases = (
				A2EF1D9D2A743F4F00B059CD /* Sources */,
				A2EF1D9E2A743F4F00B059CD /* Frameworks */,
				A2EF1D9F2A743F4F00B059CD /* Resources */,
			);
			buildRules = (
			);
			dependencies = (
			);
			name = PraOntem;
			productName = PraOntem;
			productReference = A2EF1DA12A743F4F00B059CD /* PraOntem.app */;
			productType = "com.apple.product-type.application";
		};
/* End PBXNativeTarget section */

/* Begin PBXProject section */
		A2EF1D992A743F4F00B059CD /* Project object */ = {
			isa = PBXProject;
			attributes = {
				BuildIndependentTargetsInParallel = 1;
				LastSwiftUpdateCheck = 1430;
				LastUpgradeCheck = 1430;
				TargetAttributes = {
					A2EF1DA02A743F4F00B059CD = {
						CreatedOnToolsVersion = 14.3.1;
					};
				};
			};
			buildConfigurationList = A2EF1D9C2A743F4F00B059CD /* Build configuration list for PBXProject "PraOntem" */;
			compatibilityVersion = "Xcode 14.0";
			developmentRegion = en;
			hasScannedForEncodings = 0;
			knownRegions = (
				en,
				Base,
			);
			mainGroup = A2EF1D982A743F4F00B059CD;
			productRefGroup = A2EF1DA22A743F4F00B059CD /* Products */;
			projectDirPath = "";
			projectRoot = "";
			targets = (
				A2EF1DA02A743F4F00B059CD /* PraOntem */,
			);
		};
/* End PBXProject section */

/* Begin PBXResourcesBuildPhase section */
		A2EF1D9F2A743F4F00B059CD /* Resources */ = {
			isa = PBXResourcesBuildPhase;
			buildActionMask = 2147483647;
			files = (
				A2EF1DAC2A743F5000B059CD /* Preview Assets.xcassets in Resources */,
				A2EF1DA92A743F5000B059CD /* Assets.xcassets in Resources */,
			);
			runOnlyForDeploymentPostprocessing = 0;
		};
/* End PBXResourcesBuildPhase section */

/* Begin PBXSourcesBuildPhase section */
		A2EF1D9D2A743F4F00B059CD /* Sources */ = {
			isa = PBXSourcesBuildPhase;
			buildActionMask = 2147483647;
			files = (
				A2EF1DBB2A744C1200B059CD /* ItemModel.swift in Sources */,
				A2EF1DB82A7445F600B059CD /* AddView.swift in Sources */,
				A231CEDF2A78366C00758715 /* ListViewModel.swift in Sources */,
				A2EF1DA52A743F4F00B059CD /* PraOntemApp.swift in Sources */,
				A2EF1DB42A74400B00B059CD /* ListView.swift in Sources */,
				A2EF1DB62A7442A900B059CD /* ListRowView.swift in Sources */,
			);
			runOnlyForDeploymentPostprocessing = 0;
		};
/* End PBXSourcesBuildPhase section */

/* Begin XCBuildConfiguration section */
		A2EF1DAD2A743F5000B059CD /* Debug */ = {
			isa = XCBuildConfiguration;
			buildSettings = {
				ALWAYS_SEARCH_USER_PATHS = NO;
				CLANG_ANALYZER_NONNULL = YES;
				CLANG_ANALYZER_NUMBER_OBJECT_CONVERSION = YES_AGGRESSIVE;
				CLANG_CXX_LANGUAGE_STANDARD = "gnu++20";
				CLANG_ENABLE_MODULES = YES;
				CLANG_ENABLE_OBJC_ARC = YES;
				CLANG_ENABLE_OBJC_WEAK = YES;
				CLANG_WARN_BLOCK_CAPTURE_AUTORELEASING = YES;
				CLANG_WARN_BOOL_CONVERSION = YES;
				CLANG_WARN_COMMA = YES;
				CLANG_WARN_CONSTANT_CONVERSION = YES;
				CLANG_WARN_DEPRECATED_OBJC_IMPLEMENTATIONS = YES;
				CLANG_WARN_DIRECT_OBJC_ISA_USAGE = YES_ERROR;
				CLANG_WARN_DOCUMENTATION_COMMENTS = YES;
				CLANG_WARN_EMPTY_BODY = YES;
				CLANG_WARN_ENUM_CONVERSION = YES;
				CLANG_WARN_INFINITE_RECURSION = YES;
				CLANG_WARN_INT_CONVERSION = YES;
				CLANG_WARN_NON_LITERAL_NULL_CONVERSION = YES;
				CLANG_WARN_OBJC_IMPLICIT_RETAIN_SELF = YES;
				CLANG_WARN_OBJC_LITERAL_CONVERSION = YES;
				CLANG_WARN_OBJC_ROOT_CLASS = YES_ERROR;
				CLANG_WARN_QUOTED_INCLUDE_IN_FRAMEWORK_HEADER = YES;
				CLANG_WARN_RANGE_LOOP_ANALYSIS = YES;
				CLANG_WARN_STRICT_PROTOTYPES = YES;
				CLANG_WARN_SUSPICIOUS_MOVE = YES;
				CLANG_WARN_UNGUARDED_AVAILABILITY = YES_AGGRESSIVE;
				CLANG_WARN_UNREACHABLE_CODE = YES;
				CLANG_WARN__DUPLICATE_METHOD_MATCH = YES;
				COPY_PHASE_STRIP = NO;
				DEBUG_INFORMATION_FORMAT = dwarf;
				ENABLE_STRICT_OBJC_MSGSEND = YES;
				ENABLE_TESTABILITY = YES;
				GCC_C_LANGUAGE_STANDARD = gnu11;
				GCC_DYNAMIC_NO_PIC = NO;
				GCC_NO_COMMON_BLOCKS = YES;
				GCC_OPTIMIZATION_LEVEL = 0;
				GCC_PREPROCESSOR_DEFINITIONS = (
					"DEBUG=1",
					"$(inherited)",
				);
				GCC_WARN_64_TO_32_BIT_CONVERSION = YES;
				GCC_WARN_ABOUT_RETURN_TYPE = YES_ERROR;
				GCC_WARN_UNDECLARED_SELECTOR = YES;
				GCC_WARN_UNINITIALIZED_AUTOS = YES_AGGRESSIVE;
				GCC_WARN_UNUSED_FUNCTION = YES;
				GCC_WARN_UNUSED_VARIABLE = YES;
				IPHONEOS_DEPLOYMENT_TARGET = 16.4;
				MTL_ENABLE_DEBUG_INFO = INCLUDE_SOURCE;
				MTL_FAST_MATH = YES;
				ONLY_ACTIVE_ARCH = YES;
				SDKROOT = iphoneos;
				SWIFT_ACTIVE_COMPILATION_CONDITIONS = DEBUG;
				SWIFT_OPTIMIZATION_LEVEL = "-Onone";
			};
			name = Debug;
		};
		A2EF1DAE2A743F5000B059CD /* Release */ = {
			isa = XCBuildConfiguration;
			buildSettings = {
				ALWAYS_SEARCH_USER_PATHS = NO;
				CLANG_ANALYZER_NONNULL = YES;
				CLANG_ANALYZER_NUMBER_OBJECT_CONVERSION = YES_AGGRESSIVE;
				CLANG_CXX_LANGUAGE_STANDARD = "gnu++20";
				CLANG_ENABLE_MODULES = YES;
				CLANG_ENABLE_OBJC_ARC = YES;
				CLANG_ENABLE_OBJC_WEAK = YES;
				CLANG_WARN_BLOCK_CAPTURE_AUTORELEASING = YES;
				CLANG_WARN_BOOL_CONVERSION = YES;
				CLANG_WARN_COMMA = YES;
				CLANG_WARN_CONSTANT_CONVERSION = YES;
				CLANG_WARN_DEPRECATED_OBJC_IMPLEMENTATIONS = YES;
				CLANG_WARN_DIRECT_OBJC_ISA_USAGE = YES_ERROR;
				CLANG_WARN_DOCUMENTATION_COMMENTS = YES;
				CLANG_WARN_EMPTY_BODY = YES;
				CLANG_WARN_ENUM_CONVERSION = YES;
				CLANG_WARN_INFINITE_RECURSION = YES;
				CLANG_WARN_INT_CONVERSION = YES;
				CLANG_WARN_NON_LITERAL_NULL_CONVERSION = YES;
				CLANG_WARN_OBJC_IMPLICIT_RETAIN_SELF = YES;
				CLANG_WARN_OBJC_LITERAL_CONVERSION = YES;
				CLANG_WARN_OBJC_ROOT_CLASS = YES_ERROR;
				CLANG_WARN_QUOTED_INCLUDE_IN_FRAMEWORK_HEADER = YES;
				CLANG_WARN_RANGE_LOOP_ANALYSIS = YES;
				CLANG_WARN_STRICT_PROTOTYPES = YES;
				CLANG_WARN_SUSPICIOUS_MOVE = YES;
				CLANG_WARN_UNGUARDED_AVAILABILITY = YES_AGGRESSIVE;
				CLANG_WARN_UNREACHABLE_CODE = YES;
				CLANG_WARN__DUPLICATE_METHOD_MATCH = YES;
				COPY_PHASE_STRIP = NO;
				DEBUG_INFORMATION_FORMAT = "dwarf-with-dsym";
				ENABLE_NS_ASSERTIONS = NO;
				ENABLE_STRICT_OBJC_MSGSEND = YES;
				GCC_C_LANGUAGE_STANDARD = gnu11;
				GCC_NO_COMMON_BLOCKS = YES;
				GCC_WARN_64_TO_32_BIT_CONVERSION = YES;
				GCC_WARN_ABOUT_RETURN_TYPE = YES_ERROR;
				GCC_WARN_UNDECLARED_SELECTOR = YES;
				GCC_WARN_UNINITIALIZED_AUTOS = YES_AGGRESSIVE;
				GCC_WARN_UNUSED_FUNCTION = YES;
				GCC_WARN_UNUSED_VARIABLE = YES;
				IPHONEOS_DEPLOYMENT_TARGET = 16.4;
				MTL_ENABLE_DEBUG_INFO = NO;
				MTL_FAST_MATH = YES;
				SDKROOT = iphoneos;
				SWIFT_COMPILATION_MODE = wholemodule;
				SWIFT_OPTIMIZATION_LEVEL = "-O";
				VALIDATE_PRODUCT = YES;
			};
			name = Release;
		};
		A2EF1DB02A743F5000B059CD /* Debug */ = {
			isa = XCBuildConfiguration;
			buildSettings = {
				ASSETCATALOG_COMPILER_APPICON_NAME = AppIcon;
				ASSETCATALOG_COMPILER_GLOBAL_ACCENT_COLOR_NAME = AccentColor;
				CODE_SIGN_STYLE = Automatic;
				CURRENT_PROJECT_VERSION = 1;
				DEVELOPMENT_ASSET_PATHS = "\"PraOntem/Preview Content\"";
				DEVELOPMENT_TEAM = 2Q448G8AH2;
				ENABLE_PREVIEWS = YES;
				GENERATE_INFOPLIST_FILE = YES;
				INFOPLIST_KEY_UIApplicationSceneManifest_Generation = YES;
				INFOPLIST_KEY_UIApplicationSupportsIndirectInputEvents = YES;
				INFOPLIST_KEY_UILaunchScreen_Generation = YES;
				INFOPLIST_KEY_UISupportedInterfaceOrientations_iPad = "UIInterfaceOrientationPortrait UIInterfaceOrientationPortraitUpsideDown UIInterfaceOrientationLandscapeLeft UIInterfaceOrientationLandscapeRight";
				INFOPLIST_KEY_UISupportedInterfaceOrientations_iPhone = "UIInterfaceOrientationPortrait UIInterfaceOrientationLandscapeLeft UIInterfaceOrientationLandscapeRight";
				LD_RUNPATH_SEARCH_PATHS = (
					"$(inherited)",
					"@executable_path/Frameworks",
				);
				MARKETING_VERSION = 1.0;
				PRODUCT_BUNDLE_IDENTIFIER = com.andreporto.PraOntem;
				PRODUCT_NAME = "$(TARGET_NAME)";
				SWIFT_EMIT_LOC_STRINGS = YES;
				SWIFT_VERSION = 5.0;
				TARGETED_DEVICE_FAMILY = "1,2";
			};
			name = Debug;
		};
		A2EF1DB12A743F5000B059CD /* Release */ = {
			isa = XCBuildConfiguration;
			buildSettings = {
				ASSETCATALOG_COMPILER_APPICON_NAME = AppIcon;
				ASSETCATALOG_COMPILER_GLOBAL_ACCENT_COLOR_NAME = AccentColor;
				CODE_SIGN_STYLE = Automatic;
				CURRENT_PROJECT_VERSION = 1;
				DEVELOPMENT_ASSET_PATHS = "\"PraOntem/Preview Content\"";
				DEVELOPMENT_TEAM = 2Q448G8AH2;
				ENABLE_PREVIEWS = YES;
				GENERATE_INFOPLIST_FILE = YES;
				INFOPLIST_KEY_UIApplicationSceneManifest_Generation = YES;
				INFOPLIST_KEY_UIApplicationSupportsIndirectInputEvents = YES;
				INFOPLIST_KEY_UILaunchScreen_Generation = YES;
				INFOPLIST_KEY_UISupportedInterfaceOrientations_iPad = "UIInterfaceOrientationPortrait UIInterfaceOrientationPortraitUpsideDown UIInterfaceOrientationLandscapeLeft UIInterfaceOrientationLandscapeRight";
				INFOPLIST_KEY_UISupportedInterfaceOrientations_iPhone = "UIInterfaceOrientationPortrait UIInterfaceOrientationLandscapeLeft UIInterfaceOrientationLandscapeRight";
				LD_RUNPATH_SEARCH_PATHS = (
					"$(inherited)",
					"@executable_path/Frameworks",
				);
				MARKETING_VERSION = 1.0;
				PRODUCT_BUNDLE_IDENTIFIER = com.andreporto.PraOntem;
				PRODUCT_NAME = "$(TARGET_NAME)";
				SWIFT_EMIT_LOC_STRINGS = YES;
				SWIFT_VERSION = 5.0;
				TARGETED_DEVICE_FAMILY = "1,2";
			};
			name = Release;
		};
/* End XCBuildConfiguration section */

/* Begin XCConfigurationList section */
		A2EF1D9C2A743F4F00B059CD /* Build configuration list for PBXProject "PraOntem" */ = {
			isa = XCConfigurationList;
			buildConfigurations = (
				A2EF1DAD2A743F5000B059CD /* Debug */,
				A2EF1DAE2A743F5000B059CD /* Release */,
			);
			defaultConfigurationIsVisible = 0;
			defaultConfigurationName = Release;
		};
		A2EF1DAF2A743F5000B059CD /* Build configuration list for PBXNativeTarget "PraOntem" */ = {
			isa = XCConfigurationList;
			buildConfigurations = (
				A2EF1DB02A743F5000B059CD /* Debug */,
				A2EF1DB12A743F5000B059CD /* Release */,
			);
			defaultConfigurationIsVisible = 0;
			defaultConfigurationName = Release;
		};
/* End XCConfigurationList section */
	};
	rootObject = A2EF1D992A743F4F00B059CD /* Project object */;
}
